// !$*UTF8*$!
{
	archiveVersion = 1;
	classes = {
	};
	objectVersion = 46;
	objects = {

/* Begin PBXBuildFile section */
		3C2A4C0A1B76DA6800CB19D7 /* main.m in Sources */ = {isa = PBXBuildFile; fileRef = 3C2A4C091B76DA6800CB19D7 /* main.m */; };
		3C2A4C0D1B76DA6800CB19D7 /* FTPAppDelegate.m in Sources */ = {isa = PBXBuildFile; fileRef = 3C2A4C0C1B76DA6800CB19D7 /* FTPAppDelegate.m */; };
		3C2A4C101B76DA6800CB19D7 /* FTPViewController.m in Sources */ = {isa = PBXBuildFile; fileRef = 3C2A4C0F1B76DA6800CB19D7 /* FTPViewController.m */; };
		3C2A4C131B76DA6800CB19D7 /* Main.storyboard in Resources */ = {isa = PBXBuildFile; fileRef = 3C2A4C111B76DA6800CB19D7 /* Main.storyboard */; };
		3C2A4C151B76DA6800CB19D7 /* Images.xcassets in Resources */ = {isa = PBXBuildFile; fileRef = 3C2A4C141B76DA6800CB19D7 /* Images.xcassets */; };
		3C2A4C181B76DA6800CB19D7 /* LaunchScreen.xib in Resources */ = {isa = PBXBuildFile; fileRef = 3C2A4C161B76DA6800CB19D7 /* LaunchScreen.xib */; };
		3C2A4C241B76DA6900CB19D7 /* FindThePrizeTests.m in Sources */ = {isa = PBXBuildFile; fileRef = 3C2A4C231B76DA6900CB19D7 /* FindThePrizeTests.m */; };
		3C2A4C391B772F8C00CB19D7 /* FTPBoardCollectionViewDelegateFlowLayout.m in Sources */ = {isa = PBXBuildFile; fileRef = 3C2A4C381B772F8C00CB19D7 /* FTPBoardCollectionViewDelegateFlowLayout.m */; };
		3C2A4C3C1B77316B00CB19D7 /* FTPBoardCollectionViewDataSource.m in Sources */ = {isa = PBXBuildFile; fileRef = 3C2A4C3B1B77316B00CB19D7 /* FTPBoardCollectionViewDataSource.m */; };
		3C439E841B7735D5008FCBB0 /* FTPBoardCollectionViewCell.m in Sources */ = {isa = PBXBuildFile; fileRef = 3C439E821B7735D5008FCBB0 /* FTPBoardCollectionViewCell.m */; };
		3C8D9B011B77F7C7001D5BF0 /* FTPCoordinate.m in Sources */ = {isa = PBXBuildFile; fileRef = 3C8D9B001B77F7C7001D5BF0 /* FTPCoordinate.m */; };
		3C8D9B071B77F96F001D5BF0 /* FTPArena.m in Sources */ = {isa = PBXBuildFile; fileRef = 3C8D9B061B77F96F001D5BF0 /* FTPArena.m */; };
		3C8D9B0B1B77FADA001D5BF0 /* FTPGameEngine.m in Sources */ = {isa = PBXBuildFile; fileRef = 3C8D9B0A1B77FADA001D5BF0 /* FTPGameEngine.m */; };
		3C8D9B111B77FCDB001D5BF0 /* FTPSize.m in Sources */ = {isa = PBXBuildFile; fileRef = 3C8D9B101B77FCDB001D5BF0 /* FTPSize.m */; };
		3C8D9B201B780AA9001D5BF0 /* FTPPrizeDispatcher.m in Sources */ = {isa = PBXBuildFile; fileRef = 3C8D9B1F1B780AA9001D5BF0 /* FTPPrizeDispatcher.m */; };
		3C8D9B261B7814EE001D5BF0 /* FTPBrain.m in Sources */ = {isa = PBXBuildFile; fileRef = 3C8D9B251B7814EE001D5BF0 /* FTPBrain.m */; };
		3C8D9B2C1B782A7B001D5BF0 /* FTPRobotRunLoopContext.m in Sources */ = {isa = PBXBuildFile; fileRef = 3C8D9B291B782A7B001D5BF0 /* FTPRobotRunLoopContext.m */; };
		3C8D9B2D1B782A7B001D5BF0 /* FTPRobotRunLoopSource.m in Sources */ = {isa = PBXBuildFile; fileRef = 3C8D9B2B1B782A7B001D5BF0 /* FTPRobotRunLoopSource.m */; };
		3C8D9B301B782AFE001D5BF0 /* FTPMultiThreadManager.m in Sources */ = {isa = PBXBuildFile; fileRef = 3C8D9B2F1B782AFE001D5BF0 /* FTPMultiThreadManager.m */; };
		3C8D9B331B782D2A001D5BF0 /* FTPGameContext.m in Sources */ = {isa = PBXBuildFile; fileRef = 3C8D9B321B782D2A001D5BF0 /* FTPGameContext.m */; };
		3C8D9B361B7833E6001D5BF0 /* FTPGameEngineRunLoopSource.m in Sources */ = {isa = PBXBuildFile; fileRef = 3C8D9B351B7833E6001D5BF0 /* FTPGameEngineRunLoopSource.m */; };
		3C8D9B391B7833FE001D5BF0 /* FTPGameEngineRunLoopContext.m in Sources */ = {isa = PBXBuildFile; fileRef = 3C8D9B381B7833FE001D5BF0 /* FTPGameEngineRunLoopContext.m */; };
		3C8D9B3D1B788AE1001D5BF0 /* FTPCommand.m in Sources */ = {isa = PBXBuildFile; fileRef = 3C8D9B3C1B788AE1001D5BF0 /* FTPCommand.m */; };
		3C8D9B401B791530001D5BF0 /* FTPGameEngineProxy.m in Sources */ = {isa = PBXBuildFile; fileRef = 3C8D9B3F1B791530001D5BF0 /* FTPGameEngineProxy.m */; };
		3C8D9B461B794486001D5BF0 /* FTPCell.m in Sources */ = {isa = PBXBuildFile; fileRef = 3C8D9B451B794486001D5BF0 /* FTPCell.m */; };
		3C8D9B491B79AF8A001D5BF0 /* FTPRobot.m in Sources */ = {isa = PBXBuildFile; fileRef = 3C8D9B481B79AF8A001D5BF0 /* FTPRobot.m */; };
/* End PBXBuildFile section */

/* Begin PBXContainerItemProxy section */
		3C2A4C1E1B76DA6900CB19D7 /* PBXContainerItemProxy */ = {
			isa = PBXContainerItemProxy;
			containerPortal = 3C2A4BFC1B76DA6800CB19D7 /* Project object */;
			proxyType = 1;
			remoteGlobalIDString = 3C2A4C031B76DA6800CB19D7;
			remoteInfo = FindThePrize;
		};
/* End PBXContainerItemProxy section */

/* Begin PBXFileReference section */
		3C2A4C041B76DA6800CB19D7 /* FindThePrize.app */ = {isa = PBXFileReference; explicitFileType = wrapper.application; includeInIndex = 0; path = FindThePrize.app; sourceTree = BUILT_PRODUCTS_DIR; };
		3C2A4C081B76DA6800CB19D7 /* Info.plist */ = {isa = PBXFileReference; lastKnownFileType = text.plist.xml; path = Info.plist; sourceTree = "<group>"; };
		3C2A4C091B76DA6800CB19D7 /* main.m */ = {isa = PBXFileReference; lastKnownFileType = sourcecode.c.objc; path = main.m; sourceTree = "<group>"; };
		3C2A4C0B1B76DA6800CB19D7 /* FTPAppDelegate.h */ = {isa = PBXFileReference; lastKnownFileType = sourcecode.c.h; path = FTPAppDelegate.h; sourceTree = "<group>"; };
		3C2A4C0C1B76DA6800CB19D7 /* FTPAppDelegate.m */ = {isa = PBXFileReference; lastKnownFileType = sourcecode.c.objc; path = FTPAppDelegate.m; sourceTree = "<group>"; };
		3C2A4C0E1B76DA6800CB19D7 /* FTPViewController.h */ = {isa = PBXFileReference; lastKnownFileType = sourcecode.c.h; path = FTPViewController.h; sourceTree = "<group>"; };
		3C2A4C0F1B76DA6800CB19D7 /* FTPViewController.m */ = {isa = PBXFileReference; lastKnownFileType = sourcecode.c.objc; path = FTPViewController.m; sourceTree = "<group>"; };
		3C2A4C121B76DA6800CB19D7 /* Base */ = {isa = PBXFileReference; lastKnownFileType = file.storyboard; name = Base; path = Base.lproj/Main.storyboard; sourceTree = "<group>"; };
		3C2A4C141B76DA6800CB19D7 /* Images.xcassets */ = {isa = PBXFileReference; lastKnownFileType = folder.assetcatalog; path = Images.xcassets; sourceTree = "<group>"; };
		3C2A4C171B76DA6800CB19D7 /* Base */ = {isa = PBXFileReference; lastKnownFileType = file.xib; name = Base; path = Base.lproj/LaunchScreen.xib; sourceTree = "<group>"; };
		3C2A4C1D1B76DA6900CB19D7 /* FindThePrizeTests.xctest */ = {isa = PBXFileReference; explicitFileType = wrapper.cfbundle; includeInIndex = 0; path = FindThePrizeTests.xctest; sourceTree = BUILT_PRODUCTS_DIR; };
		3C2A4C221B76DA6900CB19D7 /* Info.plist */ = {isa = PBXFileReference; lastKnownFileType = text.plist.xml; path = Info.plist; sourceTree = "<group>"; };
		3C2A4C231B76DA6900CB19D7 /* FindThePrizeTests.m */ = {isa = PBXFileReference; lastKnownFileType = sourcecode.c.objc; path = FindThePrizeTests.m; sourceTree = "<group>"; };
		3C2A4C371B772F8C00CB19D7 /* FTPBoardCollectionViewDelegateFlowLayout.h */ = {isa = PBXFileReference; fileEncoding = 4; lastKnownFileType = sourcecode.c.h; path = FTPBoardCollectionViewDelegateFlowLayout.h; sourceTree = "<group>"; };
		3C2A4C381B772F8C00CB19D7 /* FTPBoardCollectionViewDelegateFlowLayout.m */ = {isa = PBXFileReference; fileEncoding = 4; lastKnownFileType = sourcecode.c.objc; path = FTPBoardCollectionViewDelegateFlowLayout.m; sourceTree = "<group>"; };
		3C2A4C3A1B77316B00CB19D7 /* FTPBoardCollectionViewDataSource.h */ = {isa = PBXFileReference; fileEncoding = 4; lastKnownFileType = sourcecode.c.h; path = FTPBoardCollectionViewDataSource.h; sourceTree = "<group>"; };
		3C2A4C3B1B77316B00CB19D7 /* FTPBoardCollectionViewDataSource.m */ = {isa = PBXFileReference; fileEncoding = 4; lastKnownFileType = sourcecode.c.objc; path = FTPBoardCollectionViewDataSource.m; sourceTree = "<group>"; };
		3C439E811B7735D5008FCBB0 /* FTPBoardCollectionViewCell.h */ = {isa = PBXFileReference; fileEncoding = 4; lastKnownFileType = sourcecode.c.h; path = FTPBoardCollectionViewCell.h; sourceTree = "<group>"; };
		3C439E821B7735D5008FCBB0 /* FTPBoardCollectionViewCell.m */ = {isa = PBXFileReference; fileEncoding = 4; lastKnownFileType = sourcecode.c.objc; path = FTPBoardCollectionViewCell.m; sourceTree = "<group>"; };
		3C8D9AFF1B77F7C7001D5BF0 /* FTPCoordinate.h */ = {isa = PBXFileReference; fileEncoding = 4; lastKnownFileType = sourcecode.c.h; path = FTPCoordinate.h; sourceTree = "<group>"; };
		3C8D9B001B77F7C7001D5BF0 /* FTPCoordinate.m */ = {isa = PBXFileReference; fileEncoding = 4; lastKnownFileType = sourcecode.c.objc; path = FTPCoordinate.m; sourceTree = "<group>"; };
		3C8D9B051B77F96F001D5BF0 /* FTPArena.h */ = {isa = PBXFileReference; fileEncoding = 4; lastKnownFileType = sourcecode.c.h; path = FTPArena.h; sourceTree = "<group>"; };
		3C8D9B061B77F96F001D5BF0 /* FTPArena.m */ = {isa = PBXFileReference; fileEncoding = 4; lastKnownFileType = sourcecode.c.objc; path = FTPArena.m; sourceTree = "<group>"; };
		3C8D9B081B77F996001D5BF0 /* Cell.h */ = {isa = PBXFileReference; fileEncoding = 4; lastKnownFileType = sourcecode.c.h; path = Cell.h; sourceTree = "<group>"; };
		3C8D9B091B77FADA001D5BF0 /* FTPGameEngine.h */ = {isa = PBXFileReference; fileEncoding = 4; lastKnownFileType = sourcecode.c.h; path = FTPGameEngine.h; sourceTree = "<group>"; };
		3C8D9B0A1B77FADA001D5BF0 /* FTPGameEngine.m */ = {isa = PBXFileReference; fileEncoding = 4; lastKnownFileType = sourcecode.c.objc; path = FTPGameEngine.m; sourceTree = "<group>"; };
		3C8D9B0F1B77FCDB001D5BF0 /* FTPSize.h */ = {isa = PBXFileReference; fileEncoding = 4; lastKnownFileType = sourcecode.c.h; path = FTPSize.h; sourceTree = "<group>"; };
		3C8D9B101B77FCDB001D5BF0 /* FTPSize.m */ = {isa = PBXFileReference; fileEncoding = 4; lastKnownFileType = sourcecode.c.objc; path = FTPSize.m; sourceTree = "<group>"; };
		3C8D9B121B77FE81001D5BF0 /* FTPBoardCellType.h */ = {isa = PBXFileReference; fileEncoding = 4; lastKnownFileType = sourcecode.c.h; path = FTPBoardCellType.h; sourceTree = "<group>"; };
		3C8D9B1E1B780AA9001D5BF0 /* FTPPrizeDispatcher.h */ = {isa = PBXFileReference; fileEncoding = 4; lastKnownFileType = sourcecode.c.h; path = FTPPrizeDispatcher.h; sourceTree = "<group>"; };
		3C8D9B1F1B780AA9001D5BF0 /* FTPPrizeDispatcher.m */ = {isa = PBXFileReference; fileEncoding = 4; lastKnownFileType = sourcecode.c.objc; path = FTPPrizeDispatcher.m; sourceTree = "<group>"; };
		3C8D9B241B7814EE001D5BF0 /* FTPBrain.h */ = {isa = PBXFileReference; fileEncoding = 4; lastKnownFileType = sourcecode.c.h; path = FTPBrain.h; sourceTree = "<group>"; };
		3C8D9B251B7814EE001D5BF0 /* FTPBrain.m */ = {isa = PBXFileReference; fileEncoding = 4; lastKnownFileType = sourcecode.c.objc; path = FTPBrain.m; sourceTree = "<group>"; };
		3C8D9B281B782A7B001D5BF0 /* FTPRobotRunLoopContext.h */ = {isa = PBXFileReference; fileEncoding = 4; lastKnownFileType = sourcecode.c.h; path = FTPRobotRunLoopContext.h; sourceTree = "<group>"; };
		3C8D9B291B782A7B001D5BF0 /* FTPRobotRunLoopContext.m */ = {isa = PBXFileReference; fileEncoding = 4; lastKnownFileType = sourcecode.c.objc; path = FTPRobotRunLoopContext.m; sourceTree = "<group>"; };
		3C8D9B2A1B782A7B001D5BF0 /* FTPRobotRunLoopSource.h */ = {isa = PBXFileReference; fileEncoding = 4; lastKnownFileType = sourcecode.c.h; path = FTPRobotRunLoopSource.h; sourceTree = "<group>"; };
		3C8D9B2B1B782A7B001D5BF0 /* FTPRobotRunLoopSource.m */ = {isa = PBXFileReference; fileEncoding = 4; lastKnownFileType = sourcecode.c.objc; path = FTPRobotRunLoopSource.m; sourceTree = "<group>"; };
		3C8D9B2E1B782AFE001D5BF0 /* FTPMultiThreadManager.h */ = {isa = PBXFileReference; fileEncoding = 4; lastKnownFileType = sourcecode.c.h; path = FTPMultiThreadManager.h; sourceTree = "<group>"; };
		3C8D9B2F1B782AFE001D5BF0 /* FTPMultiThreadManager.m */ = {isa = PBXFileReference; fileEncoding = 4; lastKnownFileType = sourcecode.c.objc; path = FTPMultiThreadManager.m; sourceTree = "<group>"; };
		3C8D9B311B782D2A001D5BF0 /* FTPGameContext.h */ = {isa = PBXFileReference; fileEncoding = 4; lastKnownFileType = sourcecode.c.h; path = FTPGameContext.h; sourceTree = "<group>"; };
		3C8D9B321B782D2A001D5BF0 /* FTPGameContext.m */ = {isa = PBXFileReference; fileEncoding = 4; lastKnownFileType = sourcecode.c.objc; path = FTPGameContext.m; sourceTree = "<group>"; };
		3C8D9B341B7833E6001D5BF0 /* FTPGameEngineRunLoopSource.h */ = {isa = PBXFileReference; fileEncoding = 4; lastKnownFileType = sourcecode.c.h; path = FTPGameEngineRunLoopSource.h; sourceTree = "<group>"; };
		3C8D9B351B7833E6001D5BF0 /* FTPGameEngineRunLoopSource.m */ = {isa = PBXFileReference; fileEncoding = 4; lastKnownFileType = sourcecode.c.objc; path = FTPGameEngineRunLoopSource.m; sourceTree = "<group>"; };
		3C8D9B371B7833FE001D5BF0 /* FTPGameEngineRunLoopContext.h */ = {isa = PBXFileReference; fileEncoding = 4; lastKnownFileType = sourcecode.c.h; path = FTPGameEngineRunLoopContext.h; sourceTree = "<group>"; };
		3C8D9B381B7833FE001D5BF0 /* FTPGameEngineRunLoopContext.m */ = {isa = PBXFileReference; fileEncoding = 4; lastKnownFileType = sourcecode.c.objc; path = FTPGameEngineRunLoopContext.m; sourceTree = "<group>"; };
		3C8D9B3A1B78878A001D5BF0 /* FTPGameUIInteracting.h */ = {isa = PBXFileReference; fileEncoding = 4; lastKnownFileType = sourcecode.c.h; path = FTPGameUIInteracting.h; sourceTree = "<group>"; };
		3C8D9B3B1B788AE1001D5BF0 /* FTPCommand.h */ = {isa = PBXFileReference; fileEncoding = 4; lastKnownFileType = sourcecode.c.h; path = FTPCommand.h; sourceTree = "<group>"; };
		3C8D9B3C1B788AE1001D5BF0 /* FTPCommand.m */ = {isa = PBXFileReference; fileEncoding = 4; lastKnownFileType = sourcecode.c.objc; path = FTPCommand.m; sourceTree = "<group>"; };
		3C8D9B3E1B791530001D5BF0 /* FTPGameEngineProxy.h */ = {isa = PBXFileReference; fileEncoding = 4; lastKnownFileType = sourcecode.c.h; path = FTPGameEngineProxy.h; sourceTree = "<group>"; };
		3C8D9B3F1B791530001D5BF0 /* FTPGameEngineProxy.m */ = {isa = PBXFileReference; fileEncoding = 4; lastKnownFileType = sourcecode.c.objc; path = FTPGameEngineProxy.m; sourceTree = "<group>"; };
		3C8D9B441B794486001D5BF0 /* FTPCell.h */ = {isa = PBXFileReference; fileEncoding = 4; lastKnownFileType = sourcecode.c.h; path = FTPCell.h; sourceTree = "<group>"; };
		3C8D9B451B794486001D5BF0 /* FTPCell.m */ = {isa = PBXFileReference; fileEncoding = 4; lastKnownFileType = sourcecode.c.objc; path = FTPCell.m; sourceTree = "<group>"; };
		3C8D9B471B79AF8A001D5BF0 /* FTPRobot.h */ = {isa = PBXFileReference; fileEncoding = 4; lastKnownFileType = sourcecode.c.h; path = FTPRobot.h; sourceTree = "<group>"; };
		3C8D9B481B79AF8A001D5BF0 /* FTPRobot.m */ = {isa = PBXFileReference; fileEncoding = 4; lastKnownFileType = sourcecode.c.objc; path = FTPRobot.m; sourceTree = "<group>"; };
/* End PBXFileReference section */

/* Begin PBXFrameworksBuildPhase section */
		3C2A4C011B76DA6800CB19D7 /* Frameworks */ = {
			isa = PBXFrameworksBuildPhase;
			buildActionMask = 2147483647;
			files = (
			);
			runOnlyForDeploymentPostprocessing = 0;
		};
		3C2A4C1A1B76DA6900CB19D7 /* Frameworks */ = {
			isa = PBXFrameworksBuildPhase;
			buildActionMask = 2147483647;
			files = (
			);
			runOnlyForDeploymentPostprocessing = 0;
		};
/* End PBXFrameworksBuildPhase section */

/* Begin PBXGroup section */
		3C2A4BFB1B76DA6800CB19D7 = {
			isa = PBXGroup;
			children = (
				3C2A4C061B76DA6800CB19D7 /* FindThePrize */,
				3C2A4C201B76DA6900CB19D7 /* FindThePrizeTests */,
				3C2A4C051B76DA6800CB19D7 /* Products */,
			);
			sourceTree = "<group>";
		};
		3C2A4C051B76DA6800CB19D7 /* Products */ = {
			isa = PBXGroup;
			children = (
				3C2A4C041B76DA6800CB19D7 /* FindThePrize.app */,
				3C2A4C1D1B76DA6900CB19D7 /* FindThePrizeTests.xctest */,
			);
			name = Products;
			sourceTree = "<group>";
		};
		3C2A4C061B76DA6800CB19D7 /* FindThePrize */ = {
			isa = PBXGroup;
			children = (
				3C439E7A1B773590008FCBB0 /* Views */,
				3C2A4C331B772EB000CB19D7 /* Models */,
				3C2A4C0B1B76DA6800CB19D7 /* FTPAppDelegate.h */,
				3C2A4C0C1B76DA6800CB19D7 /* FTPAppDelegate.m */,
				3C2A4C0E1B76DA6800CB19D7 /* FTPViewController.h */,
				3C2A4C0F1B76DA6800CB19D7 /* FTPViewController.m */,
				3C2A4C111B76DA6800CB19D7 /* Main.storyboard */,
				3C2A4C141B76DA6800CB19D7 /* Images.xcassets */,
				3C2A4C161B76DA6800CB19D7 /* LaunchScreen.xib */,
				3C2A4C071B76DA6800CB19D7 /* Supporting Files */,
			);
			path = FindThePrize;
			sourceTree = "<group>";
		};
		3C2A4C071B76DA6800CB19D7 /* Supporting Files */ = {
			isa = PBXGroup;
			children = (
				3C2A4C081B76DA6800CB19D7 /* Info.plist */,
				3C2A4C091B76DA6800CB19D7 /* main.m */,
			);
			name = "Supporting Files";
			sourceTree = "<group>";
		};
		3C2A4C201B76DA6900CB19D7 /* FindThePrizeTests */ = {
			isa = PBXGroup;
			children = (
				3C2A4C231B76DA6900CB19D7 /* FindThePrizeTests.m */,
				3C2A4C211B76DA6900CB19D7 /* Supporting Files */,
			);
			path = FindThePrizeTests;
			sourceTree = "<group>";
		};
		3C2A4C211B76DA6900CB19D7 /* Supporting Files */ = {
			isa = PBXGroup;
			children = (
				3C2A4C221B76DA6900CB19D7 /* Info.plist */,
			);
			name = "Supporting Files";
			sourceTree = "<group>";
		};
		3C2A4C331B772EB000CB19D7 /* Models */ = {
			isa = PBXGroup;
			children = (
				3C8D9B471B79AF8A001D5BF0 /* FTPRobot.h */,
				3C8D9B481B79AF8A001D5BF0 /* FTPRobot.m */,
				3C8D9B271B782A4E001D5BF0 /* Run Loop */,
				3C8D9AFB1B77F74D001D5BF0 /* Cells */,
				3C2A4C371B772F8C00CB19D7 /* FTPBoardCollectionViewDelegateFlowLayout.h */,
				3C2A4C381B772F8C00CB19D7 /* FTPBoardCollectionViewDelegateFlowLayout.m */,
				3C2A4C3A1B77316B00CB19D7 /* FTPBoardCollectionViewDataSource.h */,
				3C2A4C3B1B77316B00CB19D7 /* FTPBoardCollectionViewDataSource.m */,
				3C8D9B051B77F96F001D5BF0 /* FTPArena.h */,
				3C8D9B061B77F96F001D5BF0 /* FTPArena.m */,
				3C8D9B091B77FADA001D5BF0 /* FTPGameEngine.h */,
				3C8D9B0A1B77FADA001D5BF0 /* FTPGameEngine.m */,
				3C8D9B0F1B77FCDB001D5BF0 /* FTPSize.h */,
				3C8D9B101B77FCDB001D5BF0 /* FTPSize.m */,
				3C8D9B121B77FE81001D5BF0 /* FTPBoardCellType.h */,
				3C8D9B1E1B780AA9001D5BF0 /* FTPPrizeDispatcher.h */,
				3C8D9B1F1B780AA9001D5BF0 /* FTPPrizeDispatcher.m */,
				3C8D9B241B7814EE001D5BF0 /* FTPBrain.h */,
				3C8D9B251B7814EE001D5BF0 /* FTPBrain.m */,
				3C8D9B311B782D2A001D5BF0 /* FTPGameContext.h */,
				3C8D9B321B782D2A001D5BF0 /* FTPGameContext.m */,
				3C8D9B3A1B78878A001D5BF0 /* FTPGameUIInteracting.h */,
				3C8D9B3B1B788AE1001D5BF0 /* FTPCommand.h */,
				3C8D9B3C1B788AE1001D5BF0 /* FTPCommand.m */,
			);
			path = Models;
			sourceTree = "<group>";
		};
		3C439E7A1B773590008FCBB0 /* Views */ = {
			isa = PBXGroup;
			children = (
				3C439E811B7735D5008FCBB0 /* FTPBoardCollectionViewCell.h */,
				3C439E821B7735D5008FCBB0 /* FTPBoardCollectionViewCell.m */,
			);
			path = Views;
			sourceTree = "<group>";
		};
		3C8D9AFB1B77F74D001D5BF0 /* Cells */ = {
			isa = PBXGroup;
			children = (
				3C8D9AFF1B77F7C7001D5BF0 /* FTPCoordinate.h */,
				3C8D9B001B77F7C7001D5BF0 /* FTPCoordinate.m */,
				3C8D9B081B77F996001D5BF0 /* Cell.h */,
				3C8D9B441B794486001D5BF0 /* FTPCell.h */,
				3C8D9B451B794486001D5BF0 /* FTPCell.m */,
			);
			path = Cells;
			sourceTree = "<group>";
		};
		3C8D9B271B782A4E001D5BF0 /* Run Loop */ = {
			isa = PBXGroup;
			children = (
				3C8D9B281B782A7B001D5BF0 /* FTPRobotRunLoopContext.h */,
				3C8D9B291B782A7B001D5BF0 /* FTPRobotRunLoopContext.m */,
				3C8D9B2A1B782A7B001D5BF0 /* FTPRobotRunLoopSource.h */,
				3C8D9B2B1B782A7B001D5BF0 /* FTPRobotRunLoopSource.m */,
				3C8D9B2E1B782AFE001D5BF0 /* FTPMultiThreadManager.h */,
				3C8D9B2F1B782AFE001D5BF0 /* FTPMultiThreadManager.m */,
				3C8D9B371B7833FE001D5BF0 /* FTPGameEngineRunLoopContext.h */,
				3C8D9B381B7833FE001D5BF0 /* FTPGameEngineRunLoopContext.m */,
				3C8D9B341B7833E6001D5BF0 /* FTPGameEngineRunLoopSource.h */,
				3C8D9B351B7833E6001D5BF0 /* FTPGameEngineRunLoopSource.m */,
				3C8D9B3E1B791530001D5BF0 /* FTPGameEngineProxy.h */,
				3C8D9B3F1B791530001D5BF0 /* FTPGameEngineProxy.m */,
			);
			path = "Run Loop";
			sourceTree = "<group>";
		};
/* End PBXGroup section */

/* Begin PBXNativeTarget section */
		3C2A4C031B76DA6800CB19D7 /* FindThePrize */ = {
			isa = PBXNativeTarget;
			buildConfigurationList = 3C2A4C271B76DA6900CB19D7 /* Build configuration list for PBXNativeTarget "FindThePrize" */;
			buildPhases = (
				3C2A4C001B76DA6800CB19D7 /* Sources */,
				3C2A4C011B76DA6800CB19D7 /* Frameworks */,
				3C2A4C021B76DA6800CB19D7 /* Resources */,
			);
			buildRules = (
			);
			dependencies = (
			);
			name = FindThePrize;
			productName = FindThePrize;
			productReference = 3C2A4C041B76DA6800CB19D7 /* FindThePrize.app */;
			productType = "com.apple.product-type.application";
		};
		3C2A4C1C1B76DA6900CB19D7 /* FindThePrizeTests */ = {
			isa = PBXNativeTarget;
			buildConfigurationList = 3C2A4C2A1B76DA6900CB19D7 /* Build configuration list for PBXNativeTarget "FindThePrizeTests" */;
			buildPhases = (
				3C2A4C191B76DA6900CB19D7 /* Sources */,
				3C2A4C1A1B76DA6900CB19D7 /* Frameworks */,
				3C2A4C1B1B76DA6900CB19D7 /* Resources */,
			);
			buildRules = (
			);
			dependencies = (
				3C2A4C1F1B76DA6900CB19D7 /* PBXTargetDependency */,
			);
			name = FindThePrizeTests;
			productName = FindThePrizeTests;
			productReference = 3C2A4C1D1B76DA6900CB19D7 /* FindThePrizeTests.xctest */;
			productType = "com.apple.product-type.bundle.unit-test";
		};
/* End PBXNativeTarget section */

/* Begin PBXProject section */
		3C2A4BFC1B76DA6800CB19D7 /* Project object */ = {
			isa = PBXProject;
			attributes = {
				LastUpgradeCheck = 0640;
				ORGANIZATIONNAME = Baek;
				TargetAttributes = {
					3C2A4C031B76DA6800CB19D7 = {
						CreatedOnToolsVersion = 6.4;
					};
					3C2A4C1C1B76DA6900CB19D7 = {
						CreatedOnToolsVersion = 6.4;
						TestTargetID = 3C2A4C031B76DA6800CB19D7;
					};
				};
			};
			buildConfigurationList = 3C2A4BFF1B76DA6800CB19D7 /* Build configuration list for PBXProject "FindThePrize" */;
			compatibilityVersion = "Xcode 3.2";
			developmentRegion = English;
			hasScannedForEncodings = 0;
			knownRegions = (
				en,
				Base,
			);
			mainGroup = 3C2A4BFB1B76DA6800CB19D7;
			productRefGroup = 3C2A4C051B76DA6800CB19D7 /* Products */;
			projectDirPath = "";
			projectRoot = "";
			targets = (
				3C2A4C031B76DA6800CB19D7 /* FindThePrize */,
				3C2A4C1C1B76DA6900CB19D7 /* FindThePrizeTests */,
			);
		};
/* End PBXProject section */

/* Begin PBXResourcesBuildPhase section */
		3C2A4C021B76DA6800CB19D7 /* Resources */ = {
			isa = PBXResourcesBuildPhase;
			buildActionMask = 2147483647;
			files = (
				3C2A4C131B76DA6800CB19D7 /* Main.storyboard in Resources */,
				3C2A4C181B76DA6800CB19D7 /* LaunchScreen.xib in Resources */,
				3C2A4C151B76DA6800CB19D7 /* Images.xcassets in Resources */,
			);
			runOnlyForDeploymentPostprocessing = 0;
		};
		3C2A4C1B1B76DA6900CB19D7 /* Resources */ = {
			isa = PBXResourcesBuildPhase;
			buildActionMask = 2147483647;
			files = (
			);
			runOnlyForDeploymentPostprocessing = 0;
		};
/* End PBXResourcesBuildPhase section */

/* Begin PBXSourcesBuildPhase section */
		3C2A4C001B76DA6800CB19D7 /* Sources */ = {
			isa = PBXSourcesBuildPhase;
			buildActionMask = 2147483647;
			files = (
				3C8D9B401B791530001D5BF0 /* FTPGameEngineProxy.m in Sources */,
				3C8D9B331B782D2A001D5BF0 /* FTPGameContext.m in Sources */,
				3C8D9B071B77F96F001D5BF0 /* FTPArena.m in Sources */,
				3C2A4C101B76DA6800CB19D7 /* FTPViewController.m in Sources */,
				3C8D9B391B7833FE001D5BF0 /* FTPGameEngineRunLoopContext.m in Sources */,
				3C8D9B361B7833E6001D5BF0 /* FTPGameEngineRunLoopSource.m in Sources */,
				3C2A4C3C1B77316B00CB19D7 /* FTPBoardCollectionViewDataSource.m in Sources */,
				3C8D9B0B1B77FADA001D5BF0 /* FTPGameEngine.m in Sources */,
				3C8D9B491B79AF8A001D5BF0 /* FTPRobot.m in Sources */,
				3C8D9B3D1B788AE1001D5BF0 /* FTPCommand.m in Sources */,
				3C8D9B111B77FCDB001D5BF0 /* FTPSize.m in Sources */,
				3C439E841B7735D5008FCBB0 /* FTPBoardCollectionViewCell.m in Sources */,
				3C8D9B201B780AA9001D5BF0 /* FTPPrizeDispatcher.m in Sources */,
				3C8D9B301B782AFE001D5BF0 /* FTPMultiThreadManager.m in Sources */,
				3C2A4C0D1B76DA6800CB19D7 /* FTPAppDelegate.m in Sources */,
				3C8D9B2C1B782A7B001D5BF0 /* FTPRobotRunLoopContext.m in Sources */,
				3C2A4C391B772F8C00CB19D7 /* FTPBoardCollectionViewDelegateFlowLayout.m in Sources */,
				3C8D9B261B7814EE001D5BF0 /* FTPBrain.m in Sources */,
				3C8D9B461B794486001D5BF0 /* FTPCell.m in Sources */,
				3C2A4C0A1B76DA6800CB19D7 /* main.m in Sources */,
				3C8D9B2D1B782A7B001D5BF0 /* FTPRobotRunLoopSource.m in Sources */,
				3C8D9B011B77F7C7001D5BF0 /* FTPCoordinate.m in Sources */,
			);
			runOnlyForDeploymentPostprocessing = 0;
		};
		3C2A4C191B76DA6900CB19D7 /* Sources */ = {
			isa = PBXSourcesBuildPhase;
			buildActionMask = 2147483647;
			files = (
				3C2A4C241B76DA6900CB19D7 /* FindThePrizeTests.m in Sources */,
			);
			runOnlyForDeploymentPostprocessing = 0;
		};
/* End PBXSourcesBuildPhase section */

/* Begin PBXTargetDependency section */
		3C2A4C1F1B76DA6900CB19D7 /* PBXTargetDependency */ = {
			isa = PBXTargetDependency;
			target = 3C2A4C031B76DA6800CB19D7 /* FindThePrize */;
			targetProxy = 3C2A4C1E1B76DA6900CB19D7 /* PBXContainerItemProxy */;
		};
/* End PBXTargetDependency section */

/* Begin PBXVariantGroup section */
		3C2A4C111B76DA6800CB19D7 /* Main.storyboard */ = {
			isa = PBXVariantGroup;
			children = (
				3C2A4C121B76DA6800CB19D7 /* Base */,
			);
			name = Main.storyboard;
			sourceTree = "<group>";
		};
		3C2A4C161B76DA6800CB19D7 /* LaunchScreen.xib */ = {
			isa = PBXVariantGroup;
			children = (
				3C2A4C171B76DA6800CB19D7 /* Base */,
			);
			name = LaunchScreen.xib;
			sourceTree = "<group>";
		};
/* End PBXVariantGroup section */

/* Begin XCBuildConfiguration section */
		3C2A4C251B76DA6900CB19D7 /* Debug */ = {
			isa = XCBuildConfiguration;
			buildSettings = {
				ALWAYS_SEARCH_USER_PATHS = NO;
				CLANG_CXX_LANGUAGE_STANDARD = "gnu++0x";
				CLANG_CXX_LIBRARY = "libc++";
				CLANG_ENABLE_MODULES = YES;
				CLANG_ENABLE_OBJC_ARC = YES;
				CLANG_WARN_BOOL_CONVERSION = YES;
				CLANG_WARN_CONSTANT_CONVERSION = YES;
				CLANG_WARN_DIRECT_OBJC_ISA_USAGE = YES_ERROR;
				CLANG_WARN_EMPTY_BODY = YES;
				CLANG_WARN_ENUM_CONVERSION = YES;
				CLANG_WARN_INT_CONVERSION = YES;
				CLANG_WARN_OBJC_ROOT_CLASS = YES_ERROR;
				CLANG_WARN_UNREACHABLE_CODE = YES;
				CLANG_WARN__DUPLICATE_METHOD_MATCH = YES;
				"CODE_SIGN_IDENTITY[sdk=iphoneos*]" = "iPhone Developer";
				COPY_PHASE_STRIP = NO;
				DEBUG_INFORMATION_FORMAT = "dwarf-with-dsym";
				ENABLE_STRICT_OBJC_MSGSEND = YES;
				GCC_C_LANGUAGE_STANDARD = gnu99;
				GCC_DYNAMIC_NO_PIC = NO;
				GCC_NO_COMMON_BLOCKS = YES;
				GCC_OPTIMIZATION_LEVEL = 0;
				GCC_PREPROCESSOR_DEFINITIONS = (
					"DEBUG=1",
					"$(inherited)",
				);
				GCC_SYMBOLS_PRIVATE_EXTERN = NO;
				GCC_WARN_64_TO_32_BIT_CONVERSION = YES;
				GCC_WARN_ABOUT_RETURN_TYPE = YES_ERROR;
				GCC_WARN_UNDECLARED_SELECTOR = YES;
				GCC_WARN_UNINITIALIZED_AUTOS = YES_AGGRESSIVE;
				GCC_WARN_UNUSED_FUNCTION = YES;
				GCC_WARN_UNUSED_VARIABLE = YES;
				IPHONEOS_DEPLOYMENT_TARGET = 8.4;
				MTL_ENABLE_DEBUG_INFO = YES;
				ONLY_ACTIVE_ARCH = YES;
				SDKROOT = iphoneos;
				TARGETED_DEVICE_FAMILY = "1,2";
			};
			name = Debug;
		};
		3C2A4C261B76DA6900CB19D7 /* Release */ = {
			isa = XCBuildConfiguration;
			buildSettings = {
				ALWAYS_SEARCH_USER_PATHS = NO;
				CLANG_CXX_LANGUAGE_STANDARD = "gnu++0x";
				CLANG_CXX_LIBRARY = "libc++";
				CLANG_ENABLE_MODULES = YES;
				CLANG_ENABLE_OBJC_ARC = YES;
				CLANG_WARN_BOOL_CONVERSION = YES;
				CLANG_WARN_CONSTANT_CONVERSION = YES;
				CLANG_WARN_DIRECT_OBJC_ISA_USAGE = YES_ERROR;
				CLANG_WARN_EMPTY_BODY = YES;
				CLANG_WARN_ENUM_CONVERSION = YES;
				CLANG_WARN_INT_CONVERSION = YES;
				CLANG_WARN_OBJC_ROOT_CLASS = YES_ERROR;
				CLANG_WARN_UNREACHABLE_CODE = YES;
				CLANG_WARN__DUPLICATE_METHOD_MATCH = YES;
				"CODE_SIGN_IDENTITY[sdk=iphoneos*]" = "iPhone Developer";
				COPY_PHASE_STRIP = NO;
				DEBUG_INFORMATION_FORMAT = "dwarf-with-dsym";
				ENABLE_NS_ASSERTIONS = NO;
				ENABLE_STRICT_OBJC_MSGSEND = YES;
				GCC_C_LANGUAGE_STANDARD = gnu99;
				GCC_NO_COMMON_BLOCKS = YES;
				GCC_WARN_64_TO_32_BIT_CONVERSION = YES;
				GCC_WARN_ABOUT_RETURN_TYPE = YES_ERROR;
				GCC_WARN_UNDECLARED_SELECTOR = YES;
				GCC_WARN_UNINITIALIZED_AUTOS = YES_AGGRESSIVE;
				GCC_WARN_UNUSED_FUNCTION = YES;
				GCC_WARN_UNUSED_VARIABLE = YES;
				IPHONEOS_DEPLOYMENT_TARGET = 8.4;
				MTL_ENABLE_DEBUG_INFO = NO;
				SDKROOT = iphoneos;
				TARGETED_DEVICE_FAMILY = "1,2";
				VALIDATE_PRODUCT = YES;
			};
			name = Release;
		};
		3C2A4C281B76DA6900CB19D7 /* Debug */ = {
			isa = XCBuildConfiguration;
			buildSettings = {
				ASSETCATALOG_COMPILER_APPICON_NAME = AppIcon;
				INFOPLIST_FILE = FindThePrize/Info.plist;
				LD_RUNPATH_SEARCH_PATHS = "$(inherited) @executable_path/Frameworks";
				PRODUCT_NAME = "$(TARGET_NAME)";
			};
			name = Debug;
		};
		3C2A4C291B76DA6900CB19D7 /* Release */ = {
			isa = XCBuildConfiguration;
			buildSettings = {
				ASSETCATALOG_COMPILER_APPICON_NAME = AppIcon;
				INFOPLIST_FILE = FindThePrize/Info.plist;
				LD_RUNPATH_SEARCH_PATHS = "$(inherited) @executable_path/Frameworks";
				PRODUCT_NAME = "$(TARGET_NAME)";
			};
			name = Release;
		};
		3C2A4C2B1B76DA6900CB19D7 /* Debug */ = {
			isa = XCBuildConfiguration;
			buildSettings = {
				BUNDLE_LOADER = "$(TEST_HOST)";
				FRAMEWORK_SEARCH_PATHS = (
					"$(SDKROOT)/Developer/Library/Frameworks",
					"$(inherited)",
				);
				GCC_PREPROCESSOR_DEFINITIONS = (
					"DEBUG=1",
					"$(inherited)",
				);
				INFOPLIST_FILE = FindThePrizeTests/Info.plist;
				LD_RUNPATH_SEARCH_PATHS = "$(inherited) @executable_path/Frameworks @loader_path/Frameworks";
				PRODUCT_NAME = "$(TARGET_NAME)";
				TEST_HOST = "$(BUILT_PRODUCTS_DIR)/FindThePrize.app/FindThePrize";
			};
			name = Debug;
		};
		3C2A4C2C1B76DA6900CB19D7 /* Release */ = {
			isa = XCBuildConfiguration;
			buildSettings = {
				BUNDLE_LOADER = "$(TEST_HOST)";
				FRAMEWORK_SEARCH_PATHS = (
					"$(SDKROOT)/Developer/Library/Frameworks",
					"$(inherited)",
				);
				INFOPLIST_FILE = FindThePrizeTests/Info.plist;
				LD_RUNPATH_SEARCH_PATHS = "$(inherited) @executable_path/Frameworks @loader_path/Frameworks";
				PRODUCT_NAME = "$(TARGET_NAME)";
				TEST_HOST = "$(BUILT_PRODUCTS_DIR)/FindThePrize.app/FindThePrize";
			};
			name = Release;
		};
/* End XCBuildConfiguration section */

/* Begin XCConfigurationList section */
		3C2A4BFF1B76DA6800CB19D7 /* Build configuration list for PBXProject "FindThePrize" */ = {
			isa = XCConfigurationList;
			buildConfigurations = (
				3C2A4C251B76DA6900CB19D7 /* Debug */,
				3C2A4C261B76DA6900CB19D7 /* Release */,
			);
			defaultConfigurationIsVisible = 0;
			defaultConfigurationName = Release;
		};
		3C2A4C271B76DA6900CB19D7 /* Build configuration list for PBXNativeTarget "FindThePrize" */ = {
			isa = XCConfigurationList;
			buildConfigurations = (
				3C2A4C281B76DA6900CB19D7 /* Debug */,
				3C2A4C291B76DA6900CB19D7 /* Release */,
			);
			defaultConfigurationIsVisible = 0;
			defaultConfigurationName = Release;
		};
		3C2A4C2A1B76DA6900CB19D7 /* Build configuration list for PBXNativeTarget "FindThePrizeTests" */ = {
			isa = XCConfigurationList;
			buildConfigurations = (
				3C2A4C2B1B76DA6900CB19D7 /* Debug */,
				3C2A4C2C1B76DA6900CB19D7 /* Release */,
			);
			defaultConfigurationIsVisible = 0;
			defaultConfigurationName = Release;
		};
/* End XCConfigurationList section */
	};
	rootObject = 3C2A4BFC1B76DA6800CB19D7 /* Project object */;
}
