<?xml version="1.0" encoding="UTF-8"?>
<Scheme
   version = "1.3">
   <BuildAction>
      <BuildActionEntries>
         <BuildActionEntry
            buildForRunning = "YES">
            <BuildableReference
               BuildableIdentifier = "primary"
               BlueprintIdentifier = "3C2A4C031B76DA6800CB19D7"
               BuildableName = "FindThePrize.app"
               BlueprintName = "FindThePrize"
               ReferencedContainer = "container:FindThePrize.xcodeproj">
            </BuildableReference>
         </BuildActionEntry>
      </BuildActionEntries>
   </BuildAction>
   <LaunchAction
      useCustomWorkingDirectory = "NO"
      buildConfiguration = "Debug">
      <BuildableProductRunnable>
         <BuildableReference
            BuildableIdentifier = "primary"
            BlueprintIdentifier = "3C2A4C031B76DA6800CB19D7"
            BuildableName = "FindThePrize.app"
            BlueprintName = "FindThePrize"
            ReferencedContainer = "container:FindThePrize.xcodeproj">
         </BuildableReference>
      </BuildableProductRunnable>
   </LaunchAction>
</Scheme>
